// !$*UTF8*$!
{
	archiveVersion = 1;
	classes = {
	};
	objectVersion = 46;
	objects = {

/* Begin PBXBuildFile section */
		1200307A1F12B0D2007F0347 /* images in Resources */ = {isa = PBXBuildFile; fileRef = 120030791F12B0D2007F0347 /* images */; };
		12F3A42C1F129F9400CF81E5 /* ResourcePath.mm in Sources */ = {isa = PBXBuildFile; fileRef = 12F3A42B1F129F9400CF81E5 /* ResourcePath.mm */; };
		12F3A42F1F129F9400CF81E5 /* main.cpp in Sources */ = {isa = PBXBuildFile; fileRef = 12F3A42E1F129F9400CF81E5 /* main.cpp */; };
		12F3A4321F129F9400CF81E5 /* cute_image.jpg in Resources */ = {isa = PBXBuildFile; fileRef = 12F3A4311F129F9400CF81E5 /* cute_image.jpg */; };
		12F3A4341F129F9400CF81E5 /* nice_music.ogg in Resources */ = {isa = PBXBuildFile; fileRef = 12F3A4331F129F9400CF81E5 /* nice_music.ogg */; };
		12F3A4361F129F9400CF81E5 /* sansation.ttf in Resources */ = {isa = PBXBuildFile; fileRef = 12F3A4351F129F9400CF81E5 /* sansation.ttf */; };
		12F3A4381F129F9400CF81E5 /* icon.png in Resources */ = {isa = PBXBuildFile; fileRef = 12F3A4371F129F9400CF81E5 /* icon.png */; };
		12F3A4461F129FF300CF81E5 /* Player.cpp in Sources */ = {isa = PBXBuildFile; fileRef = 12F3A4441F129FF300CF81E5 /* Player.cpp */; };
		12F3A4491F12A00C00CF81E5 /* Enemy.cpp in Sources */ = {isa = PBXBuildFile; fileRef = 12F3A4471F12A00C00CF81E5 /* Enemy.cpp */; };
		12F3A44C1F12A02100CF81E5 /* Entity.cpp in Sources */ = {isa = PBXBuildFile; fileRef = 12F3A44A1F12A02100CF81E5 /* Entity.cpp */; };
		12F3A44F1F12A07500CF81E5 /* Map.cpp in Sources */ = {isa = PBXBuildFile; fileRef = 12F3A44D1F12A07500CF81E5 /* Map.cpp */; };
		12F3A4521F12A07F00CF81E5 /* Bullet.cpp in Sources */ = {isa = PBXBuildFile; fileRef = 12F3A4501F12A07F00CF81E5 /* Bullet.cpp */; };
		12F3A4551F12A3FD00CF81E5 /* Element.cpp in Sources */ = {isa = PBXBuildFile; fileRef = 12F3A4531F12A3FD00CF81E5 /* Element.cpp */; };
/* End PBXBuildFile section */

/* Begin PBXFileReference section */
		120030791F12B0D2007F0347 /* images */ = {isa = PBXFileReference; lastKnownFileType = folder; name = images; path = "../../Game-Development/Survivor Spine/images"; sourceTree = "<group>"; };
		12F3A4261F129F9400CF81E5 /* ShooterGame.app */ = {isa = PBXFileReference; explicitFileType = wrapper.application; includeInIndex = 0; path = ShooterGame.app; sourceTree = BUILT_PRODUCTS_DIR; };
		12F3A42A1F129F9400CF81E5 /* ShooterGame-Info.plist */ = {isa = PBXFileReference; lastKnownFileType = text.plist.xml; path = "ShooterGame-Info.plist"; sourceTree = "<group>"; };
		12F3A42B1F129F9400CF81E5 /* ResourcePath.mm */ = {isa = PBXFileReference; lastKnownFileType = sourcecode.cpp.objcpp; path = ResourcePath.mm; sourceTree = "<group>"; };
		12F3A42D1F129F9400CF81E5 /* ResourcePath.hpp */ = {isa = PBXFileReference; lastKnownFileType = sourcecode.cpp.h; path = ResourcePath.hpp; sourceTree = "<group>"; };
		12F3A42E1F129F9400CF81E5 /* main.cpp */ = {isa = PBXFileReference; lastKnownFileType = sourcecode.cpp.cpp; path = main.cpp; sourceTree = "<group>"; };
		12F3A4311F129F9400CF81E5 /* cute_image.jpg */ = {isa = PBXFileReference; lastKnownFileType = image.jpeg; path = cute_image.jpg; sourceTree = "<group>"; };
		12F3A4331F129F9400CF81E5 /* nice_music.ogg */ = {isa = PBXFileReference; lastKnownFileType = file; path = nice_music.ogg; sourceTree = "<group>"; };
		12F3A4351F129F9400CF81E5 /* sansation.ttf */ = {isa = PBXFileReference; lastKnownFileType = file; path = sansation.ttf; sourceTree = "<group>"; };
		12F3A4371F129F9400CF81E5 /* icon.png */ = {isa = PBXFileReference; lastKnownFileType = image.png; path = icon.png; sourceTree = "<group>"; };
		12F3A4441F129FF300CF81E5 /* Player.cpp */ = {isa = PBXFileReference; fileEncoding = 4; lastKnownFileType = sourcecode.cpp.cpp; path = Player.cpp; sourceTree = "<group>"; };
		12F3A4451F129FF300CF81E5 /* Player.hpp */ = {isa = PBXFileReference; fileEncoding = 4; lastKnownFileType = sourcecode.cpp.h; path = Player.hpp; sourceTree = "<group>"; };
		12F3A4471F12A00C00CF81E5 /* Enemy.cpp */ = {isa = PBXFileReference; fileEncoding = 4; lastKnownFileType = sourcecode.cpp.cpp; path = Enemy.cpp; sourceTree = "<group>"; };
		12F3A4481F12A00C00CF81E5 /* Enemy.hpp */ = {isa = PBXFileReference; fileEncoding = 4; lastKnownFileType = sourcecode.cpp.h; path = Enemy.hpp; sourceTree = "<group>"; };
		12F3A44A1F12A02100CF81E5 /* Entity.cpp */ = {isa = PBXFileReference; fileEncoding = 4; lastKnownFileType = sourcecode.cpp.cpp; name = Entity.cpp; path = ../Entity.cpp; sourceTree = "<group>"; };
		12F3A44B1F12A02100CF81E5 /* Entity.hpp */ = {isa = PBXFileReference; fileEncoding = 4; lastKnownFileType = sourcecode.cpp.h; name = Entity.hpp; path = ../Entity.hpp; sourceTree = "<group>"; };
		12F3A44D1F12A07500CF81E5 /* Map.cpp */ = {isa = PBXFileReference; fileEncoding = 4; lastKnownFileType = sourcecode.cpp.cpp; name = Map.cpp; path = ../Map.cpp; sourceTree = "<group>"; };
		12F3A44E1F12A07500CF81E5 /* Map.hpp */ = {isa = PBXFileReference; fileEncoding = 4; lastKnownFileType = sourcecode.cpp.h; name = Map.hpp; path = ../Map.hpp; sourceTree = "<group>"; };
		12F3A4501F12A07F00CF81E5 /* Bullet.cpp */ = {isa = PBXFileReference; fileEncoding = 4; lastKnownFileType = sourcecode.cpp.cpp; name = Bullet.cpp; path = ../Bullet.cpp; sourceTree = "<group>"; };
		12F3A4511F12A07F00CF81E5 /* Bullet.hpp */ = {isa = PBXFileReference; fileEncoding = 4; lastKnownFileType = sourcecode.cpp.h; name = Bullet.hpp; path = ../Bullet.hpp; sourceTree = "<group>"; };
		12F3A4531F12A3FD00CF81E5 /* Element.cpp */ = {isa = PBXFileReference; fileEncoding = 4; lastKnownFileType = sourcecode.cpp.cpp; path = Element.cpp; sourceTree = "<group>"; };
		12F3A4541F12A3FD00CF81E5 /* Element.hpp */ = {isa = PBXFileReference; fileEncoding = 4; lastKnownFileType = sourcecode.cpp.h; path = Element.hpp; sourceTree = "<group>"; };
/* End PBXFileReference section */

/* Begin PBXFrameworksBuildPhase section */
		12F3A4221F129F9400CF81E5 /* Frameworks */ = {
			isa = PBXFrameworksBuildPhase;
			buildActionMask = 2147483647;
			files = (
			);
			runOnlyForDeploymentPostprocessing = 0;
		};
/* End PBXFrameworksBuildPhase section */

/* Begin PBXGroup section */
		12F3A41C1F129F9400CF81E5 = {
			isa = PBXGroup;
			children = (
				12F3A4281F129F9400CF81E5 /* ShooterGame */,
				12F3A4271F129F9400CF81E5 /* Products */,
			);
			sourceTree = "<group>";
		};
		12F3A4271F129F9400CF81E5 /* Products */ = {
			isa = PBXGroup;
			children = (
				12F3A4261F129F9400CF81E5 /* ShooterGame.app */,
			);
			name = Products;
			sourceTree = "<group>";
		};
		12F3A4281F129F9400CF81E5 /* ShooterGame */ = {
			isa = PBXGroup;
			children = (
				12F3A44D1F12A07500CF81E5 /* Map.cpp */,
				12F3A44E1F12A07500CF81E5 /* Map.hpp */,
				12F3A4501F12A07F00CF81E5 /* Bullet.cpp */,
				12F3A4511F12A07F00CF81E5 /* Bullet.hpp */,
				12F3A44A1F12A02100CF81E5 /* Entity.cpp */,
				12F3A44B1F12A02100CF81E5 /* Entity.hpp */,
				12F3A4531F12A3FD00CF81E5 /* Element.cpp */,
				12F3A4541F12A3FD00CF81E5 /* Element.hpp */,
				12F3A42B1F129F9400CF81E5 /* ResourcePath.mm */,
				12F3A42D1F129F9400CF81E5 /* ResourcePath.hpp */,
				12F3A42E1F129F9400CF81E5 /* main.cpp */,
				12F3A4441F129FF300CF81E5 /* Player.cpp */,
				12F3A4451F129FF300CF81E5 /* Player.hpp */,
				12F3A4471F12A00C00CF81E5 /* Enemy.cpp */,
				12F3A4481F12A00C00CF81E5 /* Enemy.hpp */,
				12F3A4301F129F9400CF81E5 /* Resources */,
				12F3A4291F129F9400CF81E5 /* Supporting Files */,
			);
			path = ShooterGame;
			sourceTree = "<group>";
		};
		12F3A4291F129F9400CF81E5 /* Supporting Files */ = {
			isa = PBXGroup;
			children = (
				12F3A42A1F129F9400CF81E5 /* ShooterGame-Info.plist */,
			);
			name = "Supporting Files";
			sourceTree = "<group>";
		};
		12F3A4301F129F9400CF81E5 /* Resources */ = {
			isa = PBXGroup;
			children = (
				120030791F12B0D2007F0347 /* images */,
				12F3A4311F129F9400CF81E5 /* cute_image.jpg */,
				12F3A4331F129F9400CF81E5 /* nice_music.ogg */,
				12F3A4351F129F9400CF81E5 /* sansation.ttf */,
				12F3A4371F129F9400CF81E5 /* icon.png */,
			);
			name = Resources;
			sourceTree = "<group>";
		};
/* End PBXGroup section */

/* Begin PBXNativeTarget section */
		12F3A4251F129F9400CF81E5 /* ShooterGame */ = {
			isa = PBXNativeTarget;
			buildConfigurationList = 12F3A43B1F129F9400CF81E5 /* Build configuration list for PBXNativeTarget "ShooterGame" */;
			buildPhases = (
				12F3A4211F129F9400CF81E5 /* Sources */,
				12F3A4221F129F9400CF81E5 /* Frameworks */,
				12F3A4231F129F9400CF81E5 /* Resources */,
				12F3A4241F129F9400CF81E5 /* ShellScript */,
			);
			buildRules = (
			);
			dependencies = (
			);
			name = ShooterGame;
			productName = ShooterGame;
			productReference = 12F3A4261F129F9400CF81E5 /* ShooterGame.app */;
			productType = "com.apple.product-type.application";
		};
/* End PBXNativeTarget section */

/* Begin PBXProject section */
		12F3A41D1F129F9400CF81E5 /* Project object */ = {
			isa = PBXProject;
			attributes = {
				LastUpgradeCheck = 0830;
				ORGANIZATIONNAME = Miszo;
				TargetAttributes = {
					12F3A4251F129F9400CF81E5 = {
						CreatedOnToolsVersion = 8.3.3;
						ProvisioningStyle = Automatic;
					};
				};
			};
			buildConfigurationList = 12F3A4201F129F9400CF81E5 /* Build configuration list for PBXProject "ShooterGame" */;
			compatibilityVersion = "Xcode 3.2";
			developmentRegion = English;
			hasScannedForEncodings = 0;
			knownRegions = (
				en,
			);
			mainGroup = 12F3A41C1F129F9400CF81E5;
			productRefGroup = 12F3A4271F129F9400CF81E5 /* Products */;
			projectDirPath = "";
			projectRoot = "";
			targets = (
				12F3A4251F129F9400CF81E5 /* ShooterGame */,
			);
		};
/* End PBXProject section */

/* Begin PBXResourcesBuildPhase section */
		12F3A4231F129F9400CF81E5 /* Resources */ = {
			isa = PBXResourcesBuildPhase;
			buildActionMask = 2147483647;
			files = (
				1200307A1F12B0D2007F0347 /* images in Resources */,
				12F3A4381F129F9400CF81E5 /* icon.png in Resources */,
				12F3A4361F129F9400CF81E5 /* sansation.ttf in Resources */,
				12F3A4341F129F9400CF81E5 /* nice_music.ogg in Resources */,
				12F3A4321F129F9400CF81E5 /* cute_image.jpg in Resources */,
			);
			runOnlyForDeploymentPostprocessing = 0;
		};
/* End PBXResourcesBuildPhase section */

/* Begin PBXShellScriptBuildPhase section */
		12F3A4241F129F9400CF81E5 /* ShellScript */ = {
			isa = PBXShellScriptBuildPhase;
			buildActionMask = 2147483647;
			files = (
			);
			inputPaths = (
			);
			outputPaths = (
			);
			runOnlyForDeploymentPostprocessing = 0;
			shellPath = /bin/sh;
			shellScript = "# This shell script simply copies required SFML dylibs/frameworks into the application bundle frameworks folder.\n# If you're using static libraries (which is not recommended) you should remove this script from your project.\n\n# SETTINGS\nCMAKE_INSTALL_FRAMEWORK_PREFIX=\"/Library/Frameworks\"\nCMAKE_INSTALL_LIB_PREFIX=\"/usr/local/lib\"\nFRAMEWORKS_FULL_PATH=\"$BUILT_PRODUCTS_DIR/$FRAMEWORKS_FOLDER_PATH/\"\n\n# Are we building a project that uses frameworks or dylibs?\ncase \"$SFML_BINARY_TYPE\" in\n    DYLIBS)\n        frameworks=\"false\"\n        ;;\n    *)\n        frameworks=\"true\"\n        ;;\nesac\n\n# Echoes to stderr\nerror () # $* message to display\n{\n    echo $* 1>&2\n    exit 2\n}\n\nassert () # $1 is a boolean, $2...N is an error message\n{\n    if [ $# -lt 2 ]\n    then\n        error \"Internal error in assert: not enough args\"\n    fi\n\n    if [ $1 -ne 0 ]\n    then\n        shift\n        error \"$*\"\n    fi\n}\n\nforce_remove () # $@ is some paths\n{\n    test $# -ge 1\n    assert $? \"force_remove() requires at least one parameter\"\n    rm -fr $@\n    assert $? \"couldn't remove $@\"\n}\n\ncopy () # $1 is a source, $2 is a destination\n{\n    test $# -eq 2\n    assert $? \"copy() requires two parameters\"\n    ditto \"$1\" \"$2\"\n    assert $? \"couldn't copy $1 to $2\"\n}\n\nrequire () # $1 is a SFML module like 'system' or 'audio'\n{\n    dest=\"$BUILT_PRODUCTS_DIR/$FRAMEWORKS_FOLDER_PATH/\"\n\n    if [ -z \"$1\" ]\n    then\n        error \"require() requires one parameter!\"\n    else\n        # clean potentially old stuff\n        force_remove \"$dest/libsfml-$1\"*\n        force_remove \"$dest/sfml-$1.framework\"\n\n        # copy SFML libraries\n        if [ \"$frameworks\" = \"true\" ]\n        then\n            source=\"$CMAKE_INSTALL_FRAMEWORK_PREFIX/sfml-$1.framework\"\n            target=\"sfml-$1.framework\"\n        elif [ \"$SFML_LINK_DYLIBS_SUFFIX\" = \"-d\" ]\n        then\n            source=\"$CMAKE_INSTALL_LIB_PREFIX/libsfml-$1-d.dylib\"\n            target=\"`readlink $source`\"\n        else\n            source=\"$CMAKE_INSTALL_LIB_PREFIX/libsfml-$1.dylib\"\n            target=\"`readlink $source`\"\n        fi\n\n        copy \"$source\" \"$dest/$target\"\n\n        # copy extra dependencies\n        if [ \"$1\" = \"audio\" ]\n        then\n            # copy \"FLAC\" \"ogg\" \"vorbis\" \"vorbisenc\" \"vorbisfile\" \"OpenAL\" frameworks too\n            for f in \"FLAC\" \"ogg\" \"vorbis\" \"vorbisenc\" \"vorbisfile\" \"OpenAL\"\n            do\n                copy \"$CMAKE_INSTALL_FRAMEWORK_PREFIX/$f.framework\" \"$dest/$f.framework\"\n            done\n        elif [ \"$1\" = \"graphics\" ]\n        then\n            copy \"$CMAKE_INSTALL_FRAMEWORK_PREFIX/freetype.framework\" \"$dest/freetype.framework\"\n        fi\n    fi\n}\n\nif [ -n \"$SFML_SYSTEM\" ]\nthen\n    require \"system\"\nfi\n\nif [ -n \"$SFML_AUDIO\" ]\nthen\n    require \"audio\"\nfi\n\nif [ -n \"$SFML_NETWORK\" ]\nthen\n    require \"network\"\nfi\n\nif [ -n \"$SFML_WINDOW\" ]\nthen\n    require \"window\"\nfi\n\nif [ -n \"$SFML_GRAPHICS\" ]\nthen\n    require \"graphics\"\nfi\n\n                ";
		};
/* End PBXShellScriptBuildPhase section */

/* Begin PBXSourcesBuildPhase section */
		12F3A4211F129F9400CF81E5 /* Sources */ = {
			isa = PBXSourcesBuildPhase;
			buildActionMask = 2147483647;
			files = (
				12F3A44F1F12A07500CF81E5 /* Map.cpp in Sources */,
				12F3A4491F12A00C00CF81E5 /* Enemy.cpp in Sources */,
				12F3A4521F12A07F00CF81E5 /* Bullet.cpp in Sources */,
				12F3A42F1F129F9400CF81E5 /* main.cpp in Sources */,
				12F3A42C1F129F9400CF81E5 /* ResourcePath.mm in Sources */,
				12F3A44C1F12A02100CF81E5 /* Entity.cpp in Sources */,
				12F3A4551F12A3FD00CF81E5 /* Element.cpp in Sources */,
				12F3A4461F129FF300CF81E5 /* Player.cpp in Sources */,
			);
			runOnlyForDeploymentPostprocessing = 0;
		};
/* End PBXSourcesBuildPhase section */

/* Begin XCBuildConfiguration section */
		12F3A4391F129F9400CF81E5 /* Debug */ = {
			isa = XCBuildConfiguration;
			buildSettings = {
				ARCHS = "$(NATIVE_ARCH_ACTUAL)";
				CLANG_CXX_LANGUAGE_STANDARD = "c++0x";
				CLANG_CXX_LIBRARY = "libc++";
				FRAMEWORK_SEARCH_PATHS = (
					/Library/Frameworks/,
					"$(inherited)",
				);
				GCC_VERSION = com.apple.compilers.llvm.clang.1_0;
				HEADER_SEARCH_PATHS = (
					/usr/local/include/,
					"$(inherited)",
				);
				LIBRARY_SEARCH_PATHS = (
					/usr/local/lib/,
					"$(inherited)",
				);
				MACOSX_DEPLOYMENT_TARGET = 10.7;
				OTHER_LDFLAGS = (
					"$(inherited)",
					"$(SFML_SYSTEM)",
					"$(SFML_WINDOW)",
					"$(SFML_GRAPHICS)",
					"$(SFML_AUDIO)",
					"$(SFML_NETWORK)",
				);
				SFML_AUDIO = "$(SFML_LINK_PREFIX) sfml-audio$(SFML_LINK_SUFFIX)";
				SFML_BINARY_TYPE = FRAMEWORKS;
				SFML_GRAPHICS = "$(SFML_LINK_PREFIX) sfml-graphics$(SFML_LINK_SUFFIX)";
				SFML_LINK_DYLIBS_PREFIX = "-l";
				SFML_LINK_DYLIBS_SUFFIX = "";
				SFML_LINK_FRAMEWORKS_PREFIX = "-framework";
				SFML_LINK_FRAMEWORKS_SUFFIX = "";
				SFML_LINK_PREFIX = "$(SFML_LINK_$(SFML_BINARY_TYPE)_PREFIX)";
				SFML_LINK_SUFFIX = "$(SFML_LINK_$(SFML_BINARY_TYPE)_SUFFIX)";
				SFML_NETWORK = "$(SFML_LINK_PREFIX) sfml-network$(SFML_LINK_SUFFIX)";
				SFML_SYSTEM = "$(SFML_LINK_PREFIX) sfml-system$(SFML_LINK_SUFFIX)";
				SFML_WINDOW = "$(SFML_LINK_PREFIX) sfml-window$(SFML_LINK_SUFFIX)";
				SUPPORTED_PLATFORMS = macosx;
			};
			name = Debug;
		};
		12F3A43A1F129F9400CF81E5 /* Release */ = {
			isa = XCBuildConfiguration;
			buildSettings = {
				ARCHS = "$(NATIVE_ARCH_ACTUAL)";
				CLANG_CXX_LANGUAGE_STANDARD = "c++0x";
				CLANG_CXX_LIBRARY = "libc++";
				FRAMEWORK_SEARCH_PATHS = (
					/Library/Frameworks/,
					"$(inherited)",
				);
				GCC_VERSION = com.apple.compilers.llvm.clang.1_0;
				HEADER_SEARCH_PATHS = (
					/usr/local/include/,
					"$(inherited)",
				);
				LIBRARY_SEARCH_PATHS = (
					/usr/local/lib/,
					"$(inherited)",
				);
				MACOSX_DEPLOYMENT_TARGET = 10.7;
				OTHER_LDFLAGS = (
					"$(inherited)",
					"$(SFML_SYSTEM)",
					"$(SFML_WINDOW)",
					"$(SFML_GRAPHICS)",
					"$(SFML_AUDIO)",
					"$(SFML_NETWORK)",
				);
				SFML_AUDIO = "$(SFML_LINK_PREFIX) sfml-audio$(SFML_LINK_SUFFIX)";
				SFML_BINARY_TYPE = FRAMEWORKS;
				SFML_GRAPHICS = "$(SFML_LINK_PREFIX) sfml-graphics$(SFML_LINK_SUFFIX)";
				SFML_LINK_DYLIBS_PREFIX = "-l";
				SFML_LINK_DYLIBS_SUFFIX = "";
				SFML_LINK_FRAMEWORKS_PREFIX = "-framework";
				SFML_LINK_FRAMEWORKS_SUFFIX = "";
				SFML_LINK_PREFIX = "$(SFML_LINK_$(SFML_BINARY_TYPE)_PREFIX)";
				SFML_LINK_SUFFIX = "$(SFML_LINK_$(SFML_BINARY_TYPE)_SUFFIX)";
				SFML_NETWORK = "$(SFML_LINK_PREFIX) sfml-network$(SFML_LINK_SUFFIX)";
				SFML_SYSTEM = "$(SFML_LINK_PREFIX) sfml-system$(SFML_LINK_SUFFIX)";
				SFML_WINDOW = "$(SFML_LINK_PREFIX) sfml-window$(SFML_LINK_SUFFIX)";
				SUPPORTED_PLATFORMS = macosx;
			};
			name = Release;
		};
		12F3A43C1F129F9400CF81E5 /* Debug */ = {
			isa = XCBuildConfiguration;
			buildSettings = {
				INFOPLIST_FILE = "ShooterGame/ShooterGame-Info.plist";
				LD_RUNPATH_SEARCH_PATHS = "@loader_path/../Frameworks";
				PRODUCT_NAME = "$(TARGET_NAME)";
			};
			name = Debug;
		};
		12F3A43D1F129F9400CF81E5 /* Release */ = {
			isa = XCBuildConfiguration;
			buildSettings = {
				INFOPLIST_FILE = "ShooterGame/ShooterGame-Info.plist";
				LD_RUNPATH_SEARCH_PATHS = "@loader_path/../Frameworks";
				PRODUCT_NAME = "$(TARGET_NAME)";
			};
			name = Release;
		};
/* End XCBuildConfiguration section */

/* Begin XCConfigurationList section */
		12F3A4201F129F9400CF81E5 /* Build configuration list for PBXProject "ShooterGame" */ = {
			isa = XCConfigurationList;
			buildConfigurations = (
				12F3A4391F129F9400CF81E5 /* Debug */,
				12F3A43A1F129F9400CF81E5 /* Release */,
			);
			defaultConfigurationIsVisible = 0;
			defaultConfigurationName = Release;
		};
		12F3A43B1F129F9400CF81E5 /* Build configuration list for PBXNativeTarget "ShooterGame" */ = {
			isa = XCConfigurationList;
			buildConfigurations = (
				12F3A43C1F129F9400CF81E5 /* Debug */,
				12F3A43D1F129F9400CF81E5 /* Release */,
			);
			defaultConfigurationIsVisible = 0;
			defaultConfigurationName = Release;
		};
/* End XCConfigurationList section */
	};
	rootObject = 12F3A41D1F129F9400CF81E5 /* Project object */;
}
